{
  "name": "florida",
  "version": "1.0.0",
  "lockfileVersion": 1,
  "requires": true,
  "dependencies": {
    "@splidejs/splide": {
      "version": "2.4.8",
      "resolved": "https://registry.npmjs.org/@splidejs/splide/-/splide-2.4.8.tgz",
      "integrity": "sha512-f3WRDU7PoWsNKY1YUuLfjWnAlakx6k+A6StgDXlAC+ZpeZekgL5FRv+3GL/ffN5rX7tgqw8COaMQ5EuM4E3Dbw=="
    }
  }
}
